
Microsoft Visual Studio Solution File, Format Version 12.00
# Visual Studio Version 17
VisualStudioVersion = 17.4.33213.308
MinimumVisualStudioVersion = 10.0.40219.1
Project("{FAE04EC0-301F-11D3-BF4B-00C04F79EFBC}") = "ItAcademy", "ItAcademy\ItAcademy.csproj", "{2B817F46-FDE6-44BB-BBBD-07602EDEB7F5}"
EndProject
Global
	GlobalSection(SolutionConfigurationPlatforms) = preSolution
		Debug|Any CPU = Debug|Any CPU
		Release|Any CPU = Release|Any CPU
	EndGlobalSection
	GlobalSection(ProjectConfigurationPlatforms) = postSolution
		{2B817F46-FDE6-44BB-BBBD-07602EDEB7F5}.Debug|Any CPU.ActiveCfg = Debug|Any CPU
		{2B817F46-FDE6-44BB-BBBD-07602EDEB7F5}.Debug|Any CPU.Build.0 = Debug|Any CPU
		{2B817F46-FDE6-44BB-BBBD-07602EDEB7F5}.Release|Any CPU.ActiveCfg = Release|Any CPU
		{2B817F46-FDE6-44BB-BBBD-07602EDEB7F5}.Release|Any CPU.Build.0 = Release|Any CPU
	EndGlobalSection
	GlobalSection(SolutionProperties) = preSolution
		HideSolutionNode = FALSE
	EndGlobalSection
	GlobalSection(ExtensibilityGlobals) = postSolution
		SolutionGuid = {A993CB0D-364E-4A04-9A1F-B1FC6368B50C}
	EndGlobalSection
EndGlobal
